
Microsoft Visual Studio Solution File, Format Version 12.00
# Visual Studio 14
VisualStudioVersion = 14.0.25420.1
MinimumVisualStudioVersion = 10.0.40219.1
Project("{8BC9CEB8-8B4A-11D0-8D11-00A0C91BC942}") = "noniusTest", "noniusTest\noniusTest.vcxproj", "{D2687315-AF52-451B-958B-356644167E78}"
EndProject
Project("{8BC9CEB8-8B4A-11D0-8D11-00A0C91BC942}") = "hayaiTest", "hayaiTest\hayaiTest.vcxproj", "{51B03712-78BA-4781-9D12-6B875C14D171}"
EndProject
Project("{8BC9CEB8-8B4A-11D0-8D11-00A0C91BC942}") = "celeroTest", "celeroTest\celeroTest.vcxproj", "{9CE04879-854B-4B58-BBDD-20060E2323D0}"
EndProject
Project("{8BC9CEB8-8B4A-11D0-8D11-00A0C91BC942}") = "celeroParticles", "celeroTest\celeroParticles.vcxproj", "{6AF43317-87A3-4DA0-89D5-FCAAEED2A671}"
EndProject
Project("{8BC9CEB8-8B4A-11D0-8D11-00A0C91BC942}") = "noniusParticles", "noniusTest\noniusParticles.vcxproj", "{661FED9A-2166-4065-B667-9E0785662E58}"
EndProject
Project("{8BC9CEB8-8B4A-11D0-8D11-00A0C91BC942}") = "googleBenchmarkTest", "googleBenchmarkTest\googleBenchmarkTest.vcxproj", "{61C67173-51E4-4185-BE85-E17E62FD854F}"
EndProject
Project("{8BC9CEB8-8B4A-11D0-8D11-00A0C91BC942}") = "googleBenchmarkParticles", "googleBenchmarkTest\googleBenchmarkParticles.vcxproj", "{C4581B9B-0796-4D45-B7F4-200774FC546C}"
EndProject
Project("{8BC9CEB8-8B4A-11D0-8D11-00A0C91BC942}") = "celeroCompressBools", "celeroTest\celeroCompressBools.vcxproj", "{F00DF705-1904-4EAF-84BD-DA7D7ECBE5BB}"
EndProject
Global
	GlobalSection(SolutionConfigurationPlatforms) = preSolution
		Debug|Mixed Platforms = Debug|Mixed Platforms
		Debug|Win32 = Debug|Win32
		Debug|x64 = Debug|x64
		Debug|x86 = Debug|x86
		Release|Mixed Platforms = Release|Mixed Platforms
		Release|Win32 = Release|Win32
		Release|x64 = Release|x64
		Release|x86 = Release|x86
	EndGlobalSection
	GlobalSection(ProjectConfigurationPlatforms) = postSolution
		{D2687315-AF52-451B-958B-356644167E78}.Debug|Mixed Platforms.ActiveCfg = Debug|Win32
		{D2687315-AF52-451B-958B-356644167E78}.Debug|Mixed Platforms.Build.0 = Debug|Win32
		{D2687315-AF52-451B-958B-356644167E78}.Debug|Win32.ActiveCfg = Debug|Win32
		{D2687315-AF52-451B-958B-356644167E78}.Debug|Win32.Build.0 = Debug|Win32
		{D2687315-AF52-451B-958B-356644167E78}.Debug|x64.ActiveCfg = Debug|x64
		{D2687315-AF52-451B-958B-356644167E78}.Debug|x64.Build.0 = Debug|x64
		{D2687315-AF52-451B-958B-356644167E78}.Debug|x86.ActiveCfg = Debug|Win32
		{D2687315-AF52-451B-958B-356644167E78}.Debug|x86.Build.0 = Debug|Win32
		{D2687315-AF52-451B-958B-356644167E78}.Release|Mixed Platforms.ActiveCfg = Release|Win32
		{D2687315-AF52-451B-958B-356644167E78}.Release|Mixed Platforms.Build.0 = Release|Win32
		{D2687315-AF52-451B-958B-356644167E78}.Release|Win32.ActiveCfg = Release|Win32
		{D2687315-AF52-451B-958B-356644167E78}.Release|Win32.Build.0 = Release|Win32
		{D2687315-AF52-451B-958B-356644167E78}.Release|x64.ActiveCfg = Release|x64
		{D2687315-AF52-451B-958B-356644167E78}.Release|x64.Build.0 = Release|x64
		{D2687315-AF52-451B-958B-356644167E78}.Release|x86.ActiveCfg = Release|Win32
		{D2687315-AF52-451B-958B-356644167E78}.Release|x86.Build.0 = Release|Win32
		{51B03712-78BA-4781-9D12-6B875C14D171}.Debug|Mixed Platforms.ActiveCfg = Debug|Win32
		{51B03712-78BA-4781-9D12-6B875C14D171}.Debug|Mixed Platforms.Build.0 = Debug|Win32
		{51B03712-78BA-4781-9D12-6B875C14D171}.Debug|Win32.ActiveCfg = Debug|Win32
		{51B03712-78BA-4781-9D12-6B875C14D171}.Debug|Win32.Build.0 = Debug|Win32
		{51B03712-78BA-4781-9D12-6B875C14D171}.Debug|x64.ActiveCfg = Debug|Win32
		{51B03712-78BA-4781-9D12-6B875C14D171}.Debug|x86.ActiveCfg = Debug|Win32
		{51B03712-78BA-4781-9D12-6B875C14D171}.Debug|x86.Build.0 = Debug|Win32
		{51B03712-78BA-4781-9D12-6B875C14D171}.Release|Mixed Platforms.ActiveCfg = Release|Win32
		{51B03712-78BA-4781-9D12-6B875C14D171}.Release|Mixed Platforms.Build.0 = Release|Win32
		{51B03712-78BA-4781-9D12-6B875C14D171}.Release|Win32.ActiveCfg = Release|Win32
		{51B03712-78BA-4781-9D12-6B875C14D171}.Release|Win32.Build.0 = Release|Win32
		{51B03712-78BA-4781-9D12-6B875C14D171}.Release|x64.ActiveCfg = Release|Win32
		{51B03712-78BA-4781-9D12-6B875C14D171}.Release|x86.ActiveCfg = Release|Win32
		{51B03712-78BA-4781-9D12-6B875C14D171}.Release|x86.Build.0 = Release|Win32
		{9CE04879-854B-4B58-BBDD-20060E2323D0}.Debug|Mixed Platforms.ActiveCfg = Debug|Win32
		{9CE04879-854B-4B58-BBDD-20060E2323D0}.Debug|Mixed Platforms.Build.0 = Debug|Win32
		{9CE04879-854B-4B58-BBDD-20060E2323D0}.Debug|Win32.ActiveCfg = Debug|Win32
		{9CE04879-854B-4B58-BBDD-20060E2323D0}.Debug|Win32.Build.0 = Debug|Win32
		{9CE04879-854B-4B58-BBDD-20060E2323D0}.Debug|x64.ActiveCfg = Debug|x64
		{9CE04879-854B-4B58-BBDD-20060E2323D0}.Debug|x64.Build.0 = Debug|x64
		{9CE04879-854B-4B58-BBDD-20060E2323D0}.Debug|x86.ActiveCfg = Debug|Win32
		{9CE04879-854B-4B58-BBDD-20060E2323D0}.Debug|x86.Build.0 = Debug|Win32
		{9CE04879-854B-4B58-BBDD-20060E2323D0}.Release|Mixed Platforms.ActiveCfg = Release|Win32
		{9CE04879-854B-4B58-BBDD-20060E2323D0}.Release|Mixed Platforms.Build.0 = Release|Win32
		{9CE04879-854B-4B58-BBDD-20060E2323D0}.Release|Win32.ActiveCfg = Release|Win32
		{9CE04879-854B-4B58-BBDD-20060E2323D0}.Release|Win32.Build.0 = Release|Win32
		{9CE04879-854B-4B58-BBDD-20060E2323D0}.Release|x64.ActiveCfg = Release|x64
		{9CE04879-854B-4B58-BBDD-20060E2323D0}.Release|x64.Build.0 = Release|x64
		{9CE04879-854B-4B58-BBDD-20060E2323D0}.Release|x86.ActiveCfg = Release|Win32
		{9CE04879-854B-4B58-BBDD-20060E2323D0}.Release|x86.Build.0 = Release|Win32
		{6AF43317-87A3-4DA0-89D5-FCAAEED2A671}.Debug|Mixed Platforms.ActiveCfg = Debug|Win32
		{6AF43317-87A3-4DA0-89D5-FCAAEED2A671}.Debug|Mixed Platforms.Build.0 = Debug|Win32
		{6AF43317-87A3-4DA0-89D5-FCAAEED2A671}.Debug|Win32.ActiveCfg = Debug|Win32
		{6AF43317-87A3-4DA0-89D5-FCAAEED2A671}.Debug|Win32.Build.0 = Debug|Win32
		{6AF43317-87A3-4DA0-89D5-FCAAEED2A671}.Debug|x64.ActiveCfg = Debug|x64
		{6AF43317-87A3-4DA0-89D5-FCAAEED2A671}.Debug|x64.Build.0 = Debug|x64
		{6AF43317-87A3-4DA0-89D5-FCAAEED2A671}.Debug|x86.ActiveCfg = Debug|Win32
		{6AF43317-87A3-4DA0-89D5-FCAAEED2A671}.Debug|x86.Build.0 = Debug|Win32
		{6AF43317-87A3-4DA0-89D5-FCAAEED2A671}.Release|Mixed Platforms.ActiveCfg = Release|Win32
		{6AF43317-87A3-4DA0-89D5-FCAAEED2A671}.Release|Mixed Platforms.Build.0 = Release|Win32
		{6AF43317-87A3-4DA0-89D5-FCAAEED2A671}.Release|Win32.ActiveCfg = Release|Win32
		{6AF43317-87A3-4DA0-89D5-FCAAEED2A671}.Release|Win32.Build.0 = Release|Win32
		{6AF43317-87A3-4DA0-89D5-FCAAEED2A671}.Release|x64.ActiveCfg = Release|x64
		{6AF43317-87A3-4DA0-89D5-FCAAEED2A671}.Release|x64.Build.0 = Release|x64
		{6AF43317-87A3-4DA0-89D5-FCAAEED2A671}.Release|x86.ActiveCfg = Release|Win32
		{6AF43317-87A3-4DA0-89D5-FCAAEED2A671}.Release|x86.Build.0 = Release|Win32
		{661FED9A-2166-4065-B667-9E0785662E58}.Debug|Mixed Platforms.ActiveCfg = Debug|Win32
		{661FED9A-2166-4065-B667-9E0785662E58}.Debug|Mixed Platforms.Build.0 = Debug|Win32
		{661FED9A-2166-4065-B667-9E0785662E58}.Debug|Win32.ActiveCfg = Debug|Win32
		{661FED9A-2166-4065-B667-9E0785662E58}.Debug|Win32.Build.0 = Debug|Win32
		{661FED9A-2166-4065-B667-9E0785662E58}.Debug|x64.ActiveCfg = Debug|x64
		{661FED9A-2166-4065-B667-9E0785662E58}.Debug|x64.Build.0 = Debug|x64
		{661FED9A-2166-4065-B667-9E0785662E58}.Debug|x86.ActiveCfg = Debug|Win32
		{661FED9A-2166-4065-B667-9E0785662E58}.Debug|x86.Build.0 = Debug|Win32
		{661FED9A-2166-4065-B667-9E0785662E58}.Release|Mixed Platforms.ActiveCfg = Release|Win32
		{661FED9A-2166-4065-B667-9E0785662E58}.Release|Mixed Platforms.Build.0 = Release|Win32
		{661FED9A-2166-4065-B667-9E0785662E58}.Release|Win32.ActiveCfg = Release|Win32
		{661FED9A-2166-4065-B667-9E0785662E58}.Release|Win32.Build.0 = Release|Win32
		{661FED9A-2166-4065-B667-9E0785662E58}.Release|x64.ActiveCfg = Release|x64
		{661FED9A-2166-4065-B667-9E0785662E58}.Release|x64.Build.0 = Release|x64
		{661FED9A-2166-4065-B667-9E0785662E58}.Release|x86.ActiveCfg = Release|Win32
		{661FED9A-2166-4065-B667-9E0785662E58}.Release|x86.Build.0 = Release|Win32
		{61C67173-51E4-4185-BE85-E17E62FD854F}.Debug|Mixed Platforms.ActiveCfg = Debug|Win32
		{61C67173-51E4-4185-BE85-E17E62FD854F}.Debug|Mixed Platforms.Build.0 = Debug|Win32
		{61C67173-51E4-4185-BE85-E17E62FD854F}.Debug|Win32.ActiveCfg = Debug|Win32
		{61C67173-51E4-4185-BE85-E17E62FD854F}.Debug|Win32.Build.0 = Debug|Win32
		{61C67173-51E4-4185-BE85-E17E62FD854F}.Debug|x64.ActiveCfg = Debug|x64
		{61C67173-51E4-4185-BE85-E17E62FD854F}.Debug|x64.Build.0 = Debug|x64
		{61C67173-51E4-4185-BE85-E17E62FD854F}.Debug|x86.ActiveCfg = Debug|Win32
		{61C67173-51E4-4185-BE85-E17E62FD854F}.Debug|x86.Build.0 = Debug|Win32
		{61C67173-51E4-4185-BE85-E17E62FD854F}.Release|Mixed Platforms.ActiveCfg = Release|Win32
		{61C67173-51E4-4185-BE85-E17E62FD854F}.Release|Mixed Platforms.Build.0 = Release|Win32
		{61C67173-51E4-4185-BE85-E17E62FD854F}.Release|Win32.ActiveCfg = Release|Win32
		{61C67173-51E4-4185-BE85-E17E62FD854F}.Release|Win32.Build.0 = Release|Win32
		{61C67173-51E4-4185-BE85-E17E62FD854F}.Release|x64.ActiveCfg = Release|x64
		{61C67173-51E4-4185-BE85-E17E62FD854F}.Release|x64.Build.0 = Release|x64
		{61C67173-51E4-4185-BE85-E17E62FD854F}.Release|x86.ActiveCfg = Release|Win32
		{61C67173-51E4-4185-BE85-E17E62FD854F}.Release|x86.Build.0 = Release|Win32
		{C4581B9B-0796-4D45-B7F4-200774FC546C}.Debug|Mixed Platforms.ActiveCfg = Debug|Win32
		{C4581B9B-0796-4D45-B7F4-200774FC546C}.Debug|Mixed Platforms.Build.0 = Debug|Win32
		{C4581B9B-0796-4D45-B7F4-200774FC546C}.Debug|Win32.ActiveCfg = Debug|Win32
		{C4581B9B-0796-4D45-B7F4-200774FC546C}.Debug|Win32.Build.0 = Debug|Win32
		{C4581B9B-0796-4D45-B7F4-200774FC546C}.Debug|x64.ActiveCfg = Debug|x64
		{C4581B9B-0796-4D45-B7F4-200774FC546C}.Debug|x64.Build.0 = Debug|x64
		{C4581B9B-0796-4D45-B7F4-200774FC546C}.Debug|x86.ActiveCfg = Debug|Win32
		{C4581B9B-0796-4D45-B7F4-200774FC546C}.Debug|x86.Build.0 = Debug|Win32
		{C4581B9B-0796-4D45-B7F4-200774FC546C}.Release|Mixed Platforms.ActiveCfg = Release|Win32
		{C4581B9B-0796-4D45-B7F4-200774FC546C}.Release|Mixed Platforms.Build.0 = Release|Win32
		{C4581B9B-0796-4D45-B7F4-200774FC546C}.Release|Win32.ActiveCfg = Release|Win32
		{C4581B9B-0796-4D45-B7F4-200774FC546C}.Release|Win32.Build.0 = Release|Win32
		{C4581B9B-0796-4D45-B7F4-200774FC546C}.Release|x64.ActiveCfg = Release|x64
		{C4581B9B-0796-4D45-B7F4-200774FC546C}.Release|x64.Build.0 = Release|x64
		{C4581B9B-0796-4D45-B7F4-200774FC546C}.Release|x86.ActiveCfg = Release|Win32
		{C4581B9B-0796-4D45-B7F4-200774FC546C}.Release|x86.Build.0 = Release|Win32
		{F00DF705-1904-4EAF-84BD-DA7D7ECBE5BB}.Debug|Mixed Platforms.ActiveCfg = Debug|Win32
		{F00DF705-1904-4EAF-84BD-DA7D7ECBE5BB}.Debug|Mixed Platforms.Build.0 = Debug|Win32
		{F00DF705-1904-4EAF-84BD-DA7D7ECBE5BB}.Debug|Win32.ActiveCfg = Debug|Win32
		{F00DF705-1904-4EAF-84BD-DA7D7ECBE5BB}.Debug|Win32.Build.0 = Debug|Win32
		{F00DF705-1904-4EAF-84BD-DA7D7ECBE5BB}.Debug|x64.ActiveCfg = Debug|x64
		{F00DF705-1904-4EAF-84BD-DA7D7ECBE5BB}.Debug|x64.Build.0 = Debug|x64
		{F00DF705-1904-4EAF-84BD-DA7D7ECBE5BB}.Debug|x86.ActiveCfg = Debug|Win32
		{F00DF705-1904-4EAF-84BD-DA7D7ECBE5BB}.Debug|x86.Build.0 = Debug|Win32
		{F00DF705-1904-4EAF-84BD-DA7D7ECBE5BB}.Release|Mixed Platforms.ActiveCfg = Release|Win32
		{F00DF705-1904-4EAF-84BD-DA7D7ECBE5BB}.Release|Mixed Platforms.Build.0 = Release|Win32
		{F00DF705-1904-4EAF-84BD-DA7D7ECBE5BB}.Release|Win32.ActiveCfg = Release|Win32
		{F00DF705-1904-4EAF-84BD-DA7D7ECBE5BB}.Release|Win32.Build.0 = Release|Win32
		{F00DF705-1904-4EAF-84BD-DA7D7ECBE5BB}.Release|x64.ActiveCfg = Release|x64
		{F00DF705-1904-4EAF-84BD-DA7D7ECBE5BB}.Release|x64.Build.0 = Release|x64
		{F00DF705-1904-4EAF-84BD-DA7D7ECBE5BB}.Release|x86.ActiveCfg = Release|Win32
		{F00DF705-1904-4EAF-84BD-DA7D7ECBE5BB}.Release|x86.Build.0 = Release|Win32
	EndGlobalSection
	GlobalSection(SolutionProperties) = preSolution
		HideSolutionNode = FALSE
	EndGlobalSection
EndGlobal
