Microsoft Visual Studio Solution File, Format Version 12.00
# Visual Studio 14
Project("{8BC9CEB8-8B4A-11D0-8D11-00A0C91BC942}") = "ALL_BUILD", "ALL_BUILD.vcxproj", "{32972B51-32FF-300C-ADD0-0EED93B02A34}"
	ProjectSection(ProjectDependencies) = postProject
		{9771D70F-3BAC-38F0-9461-608E08342B18} = {9771D70F-3BAC-38F0-9461-608E08342B18}
		{82BC89A1-3102-3C6E-856D-C5EE865C2DAD} = {82BC89A1-3102-3C6E-856D-C5EE865C2DAD}
		{D6C287D5-0522-3428-BA0F-94D4CFD80B84} = {D6C287D5-0522-3428-BA0F-94D4CFD80B84}
		{D3754452-D40E-34BA-8C17-4C62EFAD13B2} = {D3754452-D40E-34BA-8C17-4C62EFAD13B2}
		{30B1426C-0C0B-32F3-A2A7-C88B983AC381} = {30B1426C-0C0B-32F3-A2A7-C88B983AC381}
		{D40673C6-C003-3857-8AFC-DD51DD8CB41C} = {D40673C6-C003-3857-8AFC-DD51DD8CB41C}
		{84DC7665-F1D8-3407-969F-1CAA6F08E6C1} = {84DC7665-F1D8-3407-969F-1CAA6F08E6C1}
		{B9DC8CEB-D465-3C15-B0EB-318A5B1C4F91} = {B9DC8CEB-D465-3C15-B0EB-318A5B1C4F91}
		{EEBCEDE8-37A8-3DA5-8768-A2763F21A6E9} = {EEBCEDE8-37A8-3DA5-8768-A2763F21A6E9}
	EndProjectSection
EndProject
Project("{8BC9CEB8-8B4A-11D0-8D11-00A0C91BC942}") = "INSTALL", "INSTALL.vcxproj", "{3F1FE69F-B8AE-368A-BC86-0E5DCA54ED96}"
	ProjectSection(ProjectDependencies) = postProject
		{32972B51-32FF-300C-ADD0-0EED93B02A34} = {32972B51-32FF-300C-ADD0-0EED93B02A34}
	EndProjectSection
EndProject
Project("{8BC9CEB8-8B4A-11D0-8D11-00A0C91BC942}") = "RUN_TESTS", "RUN_TESTS.vcxproj", "{54839731-9D42-3905-BF0E-859DA70A4404}"
	ProjectSection(ProjectDependencies) = postProject
	EndProjectSection
EndProject
Project("{8BC9CEB8-8B4A-11D0-8D11-00A0C91BC942}") = "ZERO_CHECK", "ZERO_CHECK.vcxproj", "{9771D70F-3BAC-38F0-9461-608E08342B18}"
	ProjectSection(ProjectDependencies) = postProject
	EndProjectSection
EndProject
Project("{8BC9CEB8-8B4A-11D0-8D11-00A0C91BC942}") = "basic_test", "test\basic_test.vcxproj", "{82BC89A1-3102-3C6E-856D-C5EE865C2DAD}"
	ProjectSection(ProjectDependencies) = postProject
		{9771D70F-3BAC-38F0-9461-608E08342B18} = {9771D70F-3BAC-38F0-9461-608E08342B18}
		{D6C287D5-0522-3428-BA0F-94D4CFD80B84} = {D6C287D5-0522-3428-BA0F-94D4CFD80B84}
	EndProjectSection
EndProject
Project("{8BC9CEB8-8B4A-11D0-8D11-00A0C91BC942}") = "benchmark", "src\benchmark.vcxproj", "{D6C287D5-0522-3428-BA0F-94D4CFD80B84}"
	ProjectSection(ProjectDependencies) = postProject
		{9771D70F-3BAC-38F0-9461-608E08342B18} = {9771D70F-3BAC-38F0-9461-608E08342B18}
	EndProjectSection
EndProject
Project("{8BC9CEB8-8B4A-11D0-8D11-00A0C91BC942}") = "benchmark_test", "test\benchmark_test.vcxproj", "{D3754452-D40E-34BA-8C17-4C62EFAD13B2}"
	ProjectSection(ProjectDependencies) = postProject
		{9771D70F-3BAC-38F0-9461-608E08342B18} = {9771D70F-3BAC-38F0-9461-608E08342B18}
		{D6C287D5-0522-3428-BA0F-94D4CFD80B84} = {D6C287D5-0522-3428-BA0F-94D4CFD80B84}
	EndProjectSection
EndProject
Project("{8BC9CEB8-8B4A-11D0-8D11-00A0C91BC942}") = "cxx03_test", "test\cxx03_test.vcxproj", "{30B1426C-0C0B-32F3-A2A7-C88B983AC381}"
	ProjectSection(ProjectDependencies) = postProject
		{9771D70F-3BAC-38F0-9461-608E08342B18} = {9771D70F-3BAC-38F0-9461-608E08342B18}
		{D6C287D5-0522-3428-BA0F-94D4CFD80B84} = {D6C287D5-0522-3428-BA0F-94D4CFD80B84}
	EndProjectSection
EndProject
Project("{8BC9CEB8-8B4A-11D0-8D11-00A0C91BC942}") = "filter_test", "test\filter_test.vcxproj", "{D40673C6-C003-3857-8AFC-DD51DD8CB41C}"
	ProjectSection(ProjectDependencies) = postProject
		{9771D70F-3BAC-38F0-9461-608E08342B18} = {9771D70F-3BAC-38F0-9461-608E08342B18}
		{D6C287D5-0522-3428-BA0F-94D4CFD80B84} = {D6C287D5-0522-3428-BA0F-94D4CFD80B84}
	EndProjectSection
EndProject
Project("{8BC9CEB8-8B4A-11D0-8D11-00A0C91BC942}") = "fixture_test", "test\fixture_test.vcxproj", "{84DC7665-F1D8-3407-969F-1CAA6F08E6C1}"
	ProjectSection(ProjectDependencies) = postProject
		{9771D70F-3BAC-38F0-9461-608E08342B18} = {9771D70F-3BAC-38F0-9461-608E08342B18}
		{D6C287D5-0522-3428-BA0F-94D4CFD80B84} = {D6C287D5-0522-3428-BA0F-94D4CFD80B84}
	EndProjectSection
EndProject
Project("{8BC9CEB8-8B4A-11D0-8D11-00A0C91BC942}") = "map_test", "test\map_test.vcxproj", "{B9DC8CEB-D465-3C15-B0EB-318A5B1C4F91}"
	ProjectSection(ProjectDependencies) = postProject
		{9771D70F-3BAC-38F0-9461-608E08342B18} = {9771D70F-3BAC-38F0-9461-608E08342B18}
		{D6C287D5-0522-3428-BA0F-94D4CFD80B84} = {D6C287D5-0522-3428-BA0F-94D4CFD80B84}
	EndProjectSection
EndProject
Project("{8BC9CEB8-8B4A-11D0-8D11-00A0C91BC942}") = "options_test", "test\options_test.vcxproj", "{EEBCEDE8-37A8-3DA5-8768-A2763F21A6E9}"
	ProjectSection(ProjectDependencies) = postProject
		{9771D70F-3BAC-38F0-9461-608E08342B18} = {9771D70F-3BAC-38F0-9461-608E08342B18}
		{D6C287D5-0522-3428-BA0F-94D4CFD80B84} = {D6C287D5-0522-3428-BA0F-94D4CFD80B84}
	EndProjectSection
EndProject
Global
	GlobalSection(SolutionConfigurationPlatforms) = preSolution
		Debug|Win32 = Debug|Win32
		Release|Win32 = Release|Win32
		MinSizeRel|Win32 = MinSizeRel|Win32
		RelWithDebInfo|Win32 = RelWithDebInfo|Win32
	EndGlobalSection
	GlobalSection(ProjectConfigurationPlatforms) = postSolution
		{32972B51-32FF-300C-ADD0-0EED93B02A34}.Debug|Win32.ActiveCfg = Debug|Win32
		{32972B51-32FF-300C-ADD0-0EED93B02A34}.Debug|Win32.Build.0 = Debug|Win32
		{32972B51-32FF-300C-ADD0-0EED93B02A34}.Release|Win32.ActiveCfg = Release|Win32
		{32972B51-32FF-300C-ADD0-0EED93B02A34}.Release|Win32.Build.0 = Release|Win32
		{32972B51-32FF-300C-ADD0-0EED93B02A34}.MinSizeRel|Win32.ActiveCfg = MinSizeRel|Win32
		{32972B51-32FF-300C-ADD0-0EED93B02A34}.MinSizeRel|Win32.Build.0 = MinSizeRel|Win32
		{32972B51-32FF-300C-ADD0-0EED93B02A34}.RelWithDebInfo|Win32.ActiveCfg = RelWithDebInfo|Win32
		{32972B51-32FF-300C-ADD0-0EED93B02A34}.RelWithDebInfo|Win32.Build.0 = RelWithDebInfo|Win32
		{3F1FE69F-B8AE-368A-BC86-0E5DCA54ED96}.Debug|Win32.ActiveCfg = Debug|Win32
		{3F1FE69F-B8AE-368A-BC86-0E5DCA54ED96}.Release|Win32.ActiveCfg = Release|Win32
		{3F1FE69F-B8AE-368A-BC86-0E5DCA54ED96}.MinSizeRel|Win32.ActiveCfg = MinSizeRel|Win32
		{3F1FE69F-B8AE-368A-BC86-0E5DCA54ED96}.RelWithDebInfo|Win32.ActiveCfg = RelWithDebInfo|Win32
		{54839731-9D42-3905-BF0E-859DA70A4404}.Debug|Win32.ActiveCfg = Debug|Win32
		{54839731-9D42-3905-BF0E-859DA70A4404}.Release|Win32.ActiveCfg = Release|Win32
		{54839731-9D42-3905-BF0E-859DA70A4404}.MinSizeRel|Win32.ActiveCfg = MinSizeRel|Win32
		{54839731-9D42-3905-BF0E-859DA70A4404}.RelWithDebInfo|Win32.ActiveCfg = RelWithDebInfo|Win32
		{9771D70F-3BAC-38F0-9461-608E08342B18}.Debug|Win32.ActiveCfg = Debug|Win32
		{9771D70F-3BAC-38F0-9461-608E08342B18}.Debug|Win32.Build.0 = Debug|Win32
		{9771D70F-3BAC-38F0-9461-608E08342B18}.Release|Win32.ActiveCfg = Release|Win32
		{9771D70F-3BAC-38F0-9461-608E08342B18}.Release|Win32.Build.0 = Release|Win32
		{9771D70F-3BAC-38F0-9461-608E08342B18}.MinSizeRel|Win32.ActiveCfg = MinSizeRel|Win32
		{9771D70F-3BAC-38F0-9461-608E08342B18}.MinSizeRel|Win32.Build.0 = MinSizeRel|Win32
		{9771D70F-3BAC-38F0-9461-608E08342B18}.RelWithDebInfo|Win32.ActiveCfg = RelWithDebInfo|Win32
		{9771D70F-3BAC-38F0-9461-608E08342B18}.RelWithDebInfo|Win32.Build.0 = RelWithDebInfo|Win32
		{82BC89A1-3102-3C6E-856D-C5EE865C2DAD}.Debug|Win32.ActiveCfg = Debug|Win32
		{82BC89A1-3102-3C6E-856D-C5EE865C2DAD}.Debug|Win32.Build.0 = Debug|Win32
		{82BC89A1-3102-3C6E-856D-C5EE865C2DAD}.Release|Win32.ActiveCfg = Release|Win32
		{82BC89A1-3102-3C6E-856D-C5EE865C2DAD}.Release|Win32.Build.0 = Release|Win32
		{82BC89A1-3102-3C6E-856D-C5EE865C2DAD}.MinSizeRel|Win32.ActiveCfg = MinSizeRel|Win32
		{82BC89A1-3102-3C6E-856D-C5EE865C2DAD}.MinSizeRel|Win32.Build.0 = MinSizeRel|Win32
		{82BC89A1-3102-3C6E-856D-C5EE865C2DAD}.RelWithDebInfo|Win32.ActiveCfg = RelWithDebInfo|Win32
		{82BC89A1-3102-3C6E-856D-C5EE865C2DAD}.RelWithDebInfo|Win32.Build.0 = RelWithDebInfo|Win32
		{D6C287D5-0522-3428-BA0F-94D4CFD80B84}.Debug|Win32.ActiveCfg = Debug|Win32
		{D6C287D5-0522-3428-BA0F-94D4CFD80B84}.Debug|Win32.Build.0 = Debug|Win32
		{D6C287D5-0522-3428-BA0F-94D4CFD80B84}.Release|Win32.ActiveCfg = Release|Win32
		{D6C287D5-0522-3428-BA0F-94D4CFD80B84}.Release|Win32.Build.0 = Release|Win32
		{D6C287D5-0522-3428-BA0F-94D4CFD80B84}.MinSizeRel|Win32.ActiveCfg = MinSizeRel|Win32
		{D6C287D5-0522-3428-BA0F-94D4CFD80B84}.MinSizeRel|Win32.Build.0 = MinSizeRel|Win32
		{D6C287D5-0522-3428-BA0F-94D4CFD80B84}.RelWithDebInfo|Win32.ActiveCfg = RelWithDebInfo|Win32
		{D6C287D5-0522-3428-BA0F-94D4CFD80B84}.RelWithDebInfo|Win32.Build.0 = RelWithDebInfo|Win32
		{D3754452-D40E-34BA-8C17-4C62EFAD13B2}.Debug|Win32.ActiveCfg = Debug|Win32
		{D3754452-D40E-34BA-8C17-4C62EFAD13B2}.Debug|Win32.Build.0 = Debug|Win32
		{D3754452-D40E-34BA-8C17-4C62EFAD13B2}.Release|Win32.ActiveCfg = Release|Win32
		{D3754452-D40E-34BA-8C17-4C62EFAD13B2}.Release|Win32.Build.0 = Release|Win32
		{D3754452-D40E-34BA-8C17-4C62EFAD13B2}.MinSizeRel|Win32.ActiveCfg = MinSizeRel|Win32
		{D3754452-D40E-34BA-8C17-4C62EFAD13B2}.MinSizeRel|Win32.Build.0 = MinSizeRel|Win32
		{D3754452-D40E-34BA-8C17-4C62EFAD13B2}.RelWithDebInfo|Win32.ActiveCfg = RelWithDebInfo|Win32
		{D3754452-D40E-34BA-8C17-4C62EFAD13B2}.RelWithDebInfo|Win32.Build.0 = RelWithDebInfo|Win32
		{30B1426C-0C0B-32F3-A2A7-C88B983AC381}.Debug|Win32.ActiveCfg = Debug|Win32
		{30B1426C-0C0B-32F3-A2A7-C88B983AC381}.Debug|Win32.Build.0 = Debug|Win32
		{30B1426C-0C0B-32F3-A2A7-C88B983AC381}.Release|Win32.ActiveCfg = Release|Win32
		{30B1426C-0C0B-32F3-A2A7-C88B983AC381}.Release|Win32.Build.0 = Release|Win32
		{30B1426C-0C0B-32F3-A2A7-C88B983AC381}.MinSizeRel|Win32.ActiveCfg = MinSizeRel|Win32
		{30B1426C-0C0B-32F3-A2A7-C88B983AC381}.MinSizeRel|Win32.Build.0 = MinSizeRel|Win32
		{30B1426C-0C0B-32F3-A2A7-C88B983AC381}.RelWithDebInfo|Win32.ActiveCfg = RelWithDebInfo|Win32
		{30B1426C-0C0B-32F3-A2A7-C88B983AC381}.RelWithDebInfo|Win32.Build.0 = RelWithDebInfo|Win32
		{D40673C6-C003-3857-8AFC-DD51DD8CB41C}.Debug|Win32.ActiveCfg = Debug|Win32
		{D40673C6-C003-3857-8AFC-DD51DD8CB41C}.Debug|Win32.Build.0 = Debug|Win32
		{D40673C6-C003-3857-8AFC-DD51DD8CB41C}.Release|Win32.ActiveCfg = Release|Win32
		{D40673C6-C003-3857-8AFC-DD51DD8CB41C}.Release|Win32.Build.0 = Release|Win32
		{D40673C6-C003-3857-8AFC-DD51DD8CB41C}.MinSizeRel|Win32.ActiveCfg = MinSizeRel|Win32
		{D40673C6-C003-3857-8AFC-DD51DD8CB41C}.MinSizeRel|Win32.Build.0 = MinSizeRel|Win32
		{D40673C6-C003-3857-8AFC-DD51DD8CB41C}.RelWithDebInfo|Win32.ActiveCfg = RelWithDebInfo|Win32
		{D40673C6-C003-3857-8AFC-DD51DD8CB41C}.RelWithDebInfo|Win32.Build.0 = RelWithDebInfo|Win32
		{84DC7665-F1D8-3407-969F-1CAA6F08E6C1}.Debug|Win32.ActiveCfg = Debug|Win32
		{84DC7665-F1D8-3407-969F-1CAA6F08E6C1}.Debug|Win32.Build.0 = Debug|Win32
		{84DC7665-F1D8-3407-969F-1CAA6F08E6C1}.Release|Win32.ActiveCfg = Release|Win32
		{84DC7665-F1D8-3407-969F-1CAA6F08E6C1}.Release|Win32.Build.0 = Release|Win32
		{84DC7665-F1D8-3407-969F-1CAA6F08E6C1}.MinSizeRel|Win32.ActiveCfg = MinSizeRel|Win32
		{84DC7665-F1D8-3407-969F-1CAA6F08E6C1}.MinSizeRel|Win32.Build.0 = MinSizeRel|Win32
		{84DC7665-F1D8-3407-969F-1CAA6F08E6C1}.RelWithDebInfo|Win32.ActiveCfg = RelWithDebInfo|Win32
		{84DC7665-F1D8-3407-969F-1CAA6F08E6C1}.RelWithDebInfo|Win32.Build.0 = RelWithDebInfo|Win32
		{B9DC8CEB-D465-3C15-B0EB-318A5B1C4F91}.Debug|Win32.ActiveCfg = Debug|Win32
		{B9DC8CEB-D465-3C15-B0EB-318A5B1C4F91}.Debug|Win32.Build.0 = Debug|Win32
		{B9DC8CEB-D465-3C15-B0EB-318A5B1C4F91}.Release|Win32.ActiveCfg = Release|Win32
		{B9DC8CEB-D465-3C15-B0EB-318A5B1C4F91}.Release|Win32.Build.0 = Release|Win32
		{B9DC8CEB-D465-3C15-B0EB-318A5B1C4F91}.MinSizeRel|Win32.ActiveCfg = MinSizeRel|Win32
		{B9DC8CEB-D465-3C15-B0EB-318A5B1C4F91}.MinSizeRel|Win32.Build.0 = MinSizeRel|Win32
		{B9DC8CEB-D465-3C15-B0EB-318A5B1C4F91}.RelWithDebInfo|Win32.ActiveCfg = RelWithDebInfo|Win32
		{B9DC8CEB-D465-3C15-B0EB-318A5B1C4F91}.RelWithDebInfo|Win32.Build.0 = RelWithDebInfo|Win32
		{EEBCEDE8-37A8-3DA5-8768-A2763F21A6E9}.Debug|Win32.ActiveCfg = Debug|Win32
		{EEBCEDE8-37A8-3DA5-8768-A2763F21A6E9}.Debug|Win32.Build.0 = Debug|Win32
		{EEBCEDE8-37A8-3DA5-8768-A2763F21A6E9}.Release|Win32.ActiveCfg = Release|Win32
		{EEBCEDE8-37A8-3DA5-8768-A2763F21A6E9}.Release|Win32.Build.0 = Release|Win32
		{EEBCEDE8-37A8-3DA5-8768-A2763F21A6E9}.MinSizeRel|Win32.ActiveCfg = MinSizeRel|Win32
		{EEBCEDE8-37A8-3DA5-8768-A2763F21A6E9}.MinSizeRel|Win32.Build.0 = MinSizeRel|Win32
		{EEBCEDE8-37A8-3DA5-8768-A2763F21A6E9}.RelWithDebInfo|Win32.ActiveCfg = RelWithDebInfo|Win32
		{EEBCEDE8-37A8-3DA5-8768-A2763F21A6E9}.RelWithDebInfo|Win32.Build.0 = RelWithDebInfo|Win32
	EndGlobalSection
	GlobalSection(ExtensibilityGlobals) = postSolution
	EndGlobalSection
	GlobalSection(ExtensibilityAddIns) = postSolution
	EndGlobalSection
EndGlobal
