Microsoft Visual Studio Solution File, Format Version 12.00
# Visual Studio 14
Project("{8BC9CEB8-8B4A-11D0-8D11-00A0C91BC942}") = "ALL_BUILD", "ALL_BUILD.vcxproj", "{E3625C55-5E84-3552-B093-17B84931C897}"
	ProjectSection(ProjectDependencies) = postProject
		{B3E29C34-48C0-37EE-AE86-89B4DD59BE2F} = {B3E29C34-48C0-37EE-AE86-89B4DD59BE2F}
		{9B53BA2A-9C19-3952-8927-AF1552120264} = {9B53BA2A-9C19-3952-8927-AF1552120264}
	EndProjectSection
EndProject
Project("{8BC9CEB8-8B4A-11D0-8D11-00A0C91BC942}") = "INSTALL", "INSTALL.vcxproj", "{140EBBA4-31C9-3BAD-B9B6-9B148D748D0E}"
	ProjectSection(ProjectDependencies) = postProject
		{E3625C55-5E84-3552-B093-17B84931C897} = {E3625C55-5E84-3552-B093-17B84931C897}
	EndProjectSection
EndProject
Project("{8BC9CEB8-8B4A-11D0-8D11-00A0C91BC942}") = "ZERO_CHECK", "ZERO_CHECK.vcxproj", "{B3E29C34-48C0-37EE-AE86-89B4DD59BE2F}"
	ProjectSection(ProjectDependencies) = postProject
	EndProjectSection
EndProject
Project("{8BC9CEB8-8B4A-11D0-8D11-00A0C91BC942}") = "celero", "celero.vcxproj", "{9B53BA2A-9C19-3952-8927-AF1552120264}"
	ProjectSection(ProjectDependencies) = postProject
		{B3E29C34-48C0-37EE-AE86-89B4DD59BE2F} = {B3E29C34-48C0-37EE-AE86-89B4DD59BE2F}
	EndProjectSection
EndProject
Project("{2150E333-8FDC-42A3-9474-1A3956D46DE8}") = "CMakePredefinedTargets", "CMakePredefinedTargets", "{E1C566E5-A20A-3E3A-AB59-171383943872}"
EndProject
Project("{2150E333-8FDC-42A3-9474-1A3956D46DE8}") = "Celero", "Celero", "{BC428B73-BA6A-326D-B669-96A459892E7D}"
EndProject
Global
	GlobalSection(SolutionConfigurationPlatforms) = preSolution
		Debug|Win32 = Debug|Win32
		Release|Win32 = Release|Win32
		MinSizeRel|Win32 = MinSizeRel|Win32
		RelWithDebInfo|Win32 = RelWithDebInfo|Win32
	EndGlobalSection
	GlobalSection(ProjectConfigurationPlatforms) = postSolution
		{E3625C55-5E84-3552-B093-17B84931C897}.Debug|Win32.ActiveCfg = Debug|Win32
		{E3625C55-5E84-3552-B093-17B84931C897}.Debug|Win32.Build.0 = Debug|Win32
		{E3625C55-5E84-3552-B093-17B84931C897}.Release|Win32.ActiveCfg = Release|Win32
		{E3625C55-5E84-3552-B093-17B84931C897}.Release|Win32.Build.0 = Release|Win32
		{E3625C55-5E84-3552-B093-17B84931C897}.MinSizeRel|Win32.ActiveCfg = MinSizeRel|Win32
		{E3625C55-5E84-3552-B093-17B84931C897}.MinSizeRel|Win32.Build.0 = MinSizeRel|Win32
		{E3625C55-5E84-3552-B093-17B84931C897}.RelWithDebInfo|Win32.ActiveCfg = RelWithDebInfo|Win32
		{E3625C55-5E84-3552-B093-17B84931C897}.RelWithDebInfo|Win32.Build.0 = RelWithDebInfo|Win32
		{140EBBA4-31C9-3BAD-B9B6-9B148D748D0E}.Debug|Win32.ActiveCfg = Debug|Win32
		{140EBBA4-31C9-3BAD-B9B6-9B148D748D0E}.Release|Win32.ActiveCfg = Release|Win32
		{140EBBA4-31C9-3BAD-B9B6-9B148D748D0E}.MinSizeRel|Win32.ActiveCfg = MinSizeRel|Win32
		{140EBBA4-31C9-3BAD-B9B6-9B148D748D0E}.RelWithDebInfo|Win32.ActiveCfg = RelWithDebInfo|Win32
		{B3E29C34-48C0-37EE-AE86-89B4DD59BE2F}.Debug|Win32.ActiveCfg = Debug|Win32
		{B3E29C34-48C0-37EE-AE86-89B4DD59BE2F}.Debug|Win32.Build.0 = Debug|Win32
		{B3E29C34-48C0-37EE-AE86-89B4DD59BE2F}.Release|Win32.ActiveCfg = Release|Win32
		{B3E29C34-48C0-37EE-AE86-89B4DD59BE2F}.Release|Win32.Build.0 = Release|Win32
		{B3E29C34-48C0-37EE-AE86-89B4DD59BE2F}.MinSizeRel|Win32.ActiveCfg = MinSizeRel|Win32
		{B3E29C34-48C0-37EE-AE86-89B4DD59BE2F}.MinSizeRel|Win32.Build.0 = MinSizeRel|Win32
		{B3E29C34-48C0-37EE-AE86-89B4DD59BE2F}.RelWithDebInfo|Win32.ActiveCfg = RelWithDebInfo|Win32
		{B3E29C34-48C0-37EE-AE86-89B4DD59BE2F}.RelWithDebInfo|Win32.Build.0 = RelWithDebInfo|Win32
		{9B53BA2A-9C19-3952-8927-AF1552120264}.Debug|Win32.ActiveCfg = Debug|Win32
		{9B53BA2A-9C19-3952-8927-AF1552120264}.Debug|Win32.Build.0 = Debug|Win32
		{9B53BA2A-9C19-3952-8927-AF1552120264}.Release|Win32.ActiveCfg = Release|Win32
		{9B53BA2A-9C19-3952-8927-AF1552120264}.Release|Win32.Build.0 = Release|Win32
		{9B53BA2A-9C19-3952-8927-AF1552120264}.MinSizeRel|Win32.ActiveCfg = MinSizeRel|Win32
		{9B53BA2A-9C19-3952-8927-AF1552120264}.MinSizeRel|Win32.Build.0 = MinSizeRel|Win32
		{9B53BA2A-9C19-3952-8927-AF1552120264}.RelWithDebInfo|Win32.ActiveCfg = RelWithDebInfo|Win32
		{9B53BA2A-9C19-3952-8927-AF1552120264}.RelWithDebInfo|Win32.Build.0 = RelWithDebInfo|Win32
	EndGlobalSection
	GlobalSection(NestedProjects) = preSolution
		{140EBBA4-31C9-3BAD-B9B6-9B148D748D0E} = {E1C566E5-A20A-3E3A-AB59-171383943872}
		{B3E29C34-48C0-37EE-AE86-89B4DD59BE2F} = {E1C566E5-A20A-3E3A-AB59-171383943872}
		{9B53BA2A-9C19-3952-8927-AF1552120264} = {BC428B73-BA6A-326D-B669-96A459892E7D}
	EndGlobalSection
	GlobalSection(ExtensibilityGlobals) = postSolution
	EndGlobalSection
	GlobalSection(ExtensibilityAddIns) = postSolution
	EndGlobalSection
EndGlobal
